
Microsoft Visual Studio Solution File, Format Version 12.00
# Visual Studio Version 16
VisualStudioVersion = 16.0.32510.428
MinimumVisualStudioVersion = 10.0.40219.1
Project("{9A19103F-16F7-4668-BE54-9A1E7A4F7556}") = "VoyagesApi", "VoyagesApi\VoyagesApi.csproj", "{73DFA8E7-8C62-4227-9E1B-18A05CB05D07}"
EndProject
Project("{FAE04EC0-301F-11D3-BF4B-00C04F79EFBC}") = "VoyagesApi.Tests", "VoyagesApi.Tests\VoyagesApi.Tests.csproj", "{943FDD71-ABDC-4EA3-8A3C-EC99288132A1}"
EndProject
Global
	GlobalSection(SolutionConfigurationPlatforms) = preSolution
		Debug|Any CPU = Debug|Any CPU
		Release|Any CPU = Release|Any CPU
	EndGlobalSection
	GlobalSection(ProjectConfigurationPlatforms) = postSolution
		{73DFA8E7-8C62-4227-9E1B-18A05CB05D07}.Debug|Any CPU.ActiveCfg = Debug|Any CPU
		{73DFA8E7-8C62-4227-9E1B-18A05CB05D07}.Debug|Any CPU.Build.0 = Debug|Any CPU
		{73DFA8E7-8C62-4227-9E1B-18A05CB05D07}.Release|Any CPU.ActiveCfg = Release|Any CPU
		{73DFA8E7-8C62-4227-9E1B-18A05CB05D07}.Release|Any CPU.Build.0 = Release|Any CPU
		{943FDD71-ABDC-4EA3-8A3C-EC99288132A1}.Debug|Any CPU.ActiveCfg = Debug|Any CPU
		{943FDD71-ABDC-4EA3-8A3C-EC99288132A1}.Debug|Any CPU.Build.0 = Debug|Any CPU
		{943FDD71-ABDC-4EA3-8A3C-EC99288132A1}.Release|Any CPU.ActiveCfg = Release|Any CPU
		{943FDD71-ABDC-4EA3-8A3C-EC99288132A1}.Release|Any CPU.Build.0 = Release|Any CPU
	EndGlobalSection
	GlobalSection(SolutionProperties) = preSolution
		HideSolutionNode = FALSE
	EndGlobalSection
	GlobalSection(ExtensibilityGlobals) = postSolution
		SolutionGuid = {D0327901-BCA1-44A2-97D9-005A7DDBCE0D}
	EndGlobalSection
EndGlobal
